// !$*UTF8*$!
{
	archiveVersion = 1;
	classes = {
	};
	objectVersion = 46;
	objects = {

/* Begin PBXBuildFile section */
		5BF113C21AAF787400879C4C /* AppDelegate.swift in Sources */ = {isa = PBXBuildFile; fileRef = 5BF113C11AAF787400879C4C /* AppDelegate.swift */; };
		5BF113C51AAF787400879C4C /* autoencoder.xcdatamodeld in Sources */ = {isa = PBXBuildFile; fileRef = 5BF113C31AAF787400879C4C /* autoencoder.xcdatamodeld */; };
		5BF113C71AAF787400879C4C /* ViewController.swift in Sources */ = {isa = PBXBuildFile; fileRef = 5BF113C61AAF787400879C4C /* ViewController.swift */; };
		5BF113CA1AAF787400879C4C /* Main.storyboard in Resources */ = {isa = PBXBuildFile; fileRef = 5BF113C81AAF787400879C4C /* Main.storyboard */; };
		5BF113CC1AAF787400879C4C /* Images.xcassets in Resources */ = {isa = PBXBuildFile; fileRef = 5BF113CB1AAF787400879C4C /* Images.xcassets */; };
		5BF113CF1AAF787400879C4C /* LaunchScreen.xib in Resources */ = {isa = PBXBuildFile; fileRef = 5BF113CD1AAF787400879C4C /* LaunchScreen.xib */; };
		5BF113DB1AAF787400879C4C /* autoencoderTests.swift in Sources */ = {isa = PBXBuildFile; fileRef = 5BF113DA1AAF787400879C4C /* autoencoderTests.swift */; };
		5BF113F11AAF789200879C4C /* shapes.fla in Resources */ = {isa = PBXBuildFile; fileRef = 5BF113E51AAF789200879C4C /* shapes.fla */; };
		5BF113F21AAF789200879C4C /* circle1.png in Resources */ = {isa = PBXBuildFile; fileRef = 5BF113E71AAF789200879C4C /* circle1.png */; };
		5BF113F31AAF789200879C4C /* circle2.png in Resources */ = {isa = PBXBuildFile; fileRef = 5BF113E81AAF789200879C4C /* circle2.png */; };
		5BF113F41AAF789200879C4C /* circle3.png in Resources */ = {isa = PBXBuildFile; fileRef = 5BF113E91AAF789200879C4C /* circle3.png */; };
		5BF113F51AAF789200879C4C /* circle4.png in Resources */ = {isa = PBXBuildFile; fileRef = 5BF113EA1AAF789200879C4C /* circle4.png */; };
		5BF113F61AAF789200879C4C /* circle5.png in Resources */ = {isa = PBXBuildFile; fileRef = 5BF113EB1AAF789200879C4C /* circle5.png */; };
		5BF113F71AAF789200879C4C /* square1.png in Resources */ = {isa = PBXBuildFile; fileRef = 5BF113EC1AAF789200879C4C /* square1.png */; };
		5BF113F81AAF789200879C4C /* square2.png in Resources */ = {isa = PBXBuildFile; fileRef = 5BF113ED1AAF789200879C4C /* square2.png */; };
		5BF113F91AAF789200879C4C /* square3.png in Resources */ = {isa = PBXBuildFile; fileRef = 5BF113EE1AAF789200879C4C /* square3.png */; };
		5BF113FA1AAF789200879C4C /* square4.png in Resources */ = {isa = PBXBuildFile; fileRef = 5BF113EF1AAF789200879C4C /* square4.png */; };
		5BF113FB1AAF789200879C4C /* square5.png in Resources */ = {isa = PBXBuildFile; fileRef = 5BF113F01AAF789200879C4C /* square5.png */; };
		5BF113FD1AAF9D2100879C4C /* UIImageExtension.swift in Sources */ = {isa = PBXBuildFile; fileRef = 5BF113FC1AAF9D2100879C4C /* UIImageExtension.swift */; };
		5BF114021AAFA9FD00879C4C /* Instance.swift in Sources */ = {isa = PBXBuildFile; fileRef = 5BF114011AAFA9FD00879C4C /* Instance.swift */; };
		5BF114061AAFBE9700879C4C /* Array2D.swift in Sources */ = {isa = PBXBuildFile; fileRef = 5BF114051AAFBE9700879C4C /* Array2D.swift */; };
		5BF114081AAFEAEF00879C4C /* Dataset.swift in Sources */ = {isa = PBXBuildFile; fileRef = 5BF114071AAFEAEF00879C4C /* Dataset.swift */; };
		5BF1140D1AAFF81800879C4C /* Autoencoder.swift in Sources */ = {isa = PBXBuildFile; fileRef = 5BF1140C1AAFF81800879C4C /* Autoencoder.swift */; };
/* End PBXBuildFile section */

/* Begin PBXContainerItemProxy section */
		5BF113D51AAF787400879C4C /* PBXContainerItemProxy */ = {
			isa = PBXContainerItemProxy;
			containerPortal = 5BF113B41AAF787400879C4C /* Project object */;
			proxyType = 1;
			remoteGlobalIDString = 5BF113BB1AAF787400879C4C;
			remoteInfo = autoencoder;
		};
/* End PBXContainerItemProxy section */

/* Begin PBXFileReference section */
		5BF113BC1AAF787400879C4C /* autoencoder.app */ = {isa = PBXFileReference; explicitFileType = wrapper.application; includeInIndex = 0; path = autoencoder.app; sourceTree = BUILT_PRODUCTS_DIR; };
		5BF113C01AAF787400879C4C /* Info.plist */ = {isa = PBXFileReference; lastKnownFileType = text.plist.xml; path = Info.plist; sourceTree = "<group>"; };
		5BF113C11AAF787400879C4C /* AppDelegate.swift */ = {isa = PBXFileReference; lastKnownFileType = sourcecode.swift; path = AppDelegate.swift; sourceTree = "<group>"; };
		5BF113C41AAF787400879C4C /* autoencoder.xcdatamodel */ = {isa = PBXFileReference; lastKnownFileType = wrapper.xcdatamodel; path = autoencoder.xcdatamodel; sourceTree = "<group>"; };
		5BF113C61AAF787400879C4C /* ViewController.swift */ = {isa = PBXFileReference; lastKnownFileType = sourcecode.swift; path = ViewController.swift; sourceTree = "<group>"; };
		5BF113C91AAF787400879C4C /* Base */ = {isa = PBXFileReference; lastKnownFileType = file.storyboard; name = Base; path = Base.lproj/Main.storyboard; sourceTree = "<group>"; };
		5BF113CB1AAF787400879C4C /* Images.xcassets */ = {isa = PBXFileReference; lastKnownFileType = folder.assetcatalog; path = Images.xcassets; sourceTree = "<group>"; };
		5BF113CE1AAF787400879C4C /* Base */ = {isa = PBXFileReference; lastKnownFileType = file.xib; name = Base; path = Base.lproj/LaunchScreen.xib; sourceTree = "<group>"; };
		5BF113D41AAF787400879C4C /* autoencoderTests.xctest */ = {isa = PBXFileReference; explicitFileType = wrapper.cfbundle; includeInIndex = 0; path = autoencoderTests.xctest; sourceTree = BUILT_PRODUCTS_DIR; };
		5BF113D91AAF787400879C4C /* Info.plist */ = {isa = PBXFileReference; lastKnownFileType = text.plist.xml; path = Info.plist; sourceTree = "<group>"; };
		5BF113DA1AAF787400879C4C /* autoencoderTests.swift */ = {isa = PBXFileReference; lastKnownFileType = sourcecode.swift; path = autoencoderTests.swift; sourceTree = "<group>"; };
		5BF113E51AAF789200879C4C /* shapes.fla */ = {isa = PBXFileReference; lastKnownFileType = file; path = shapes.fla; sourceTree = "<group>"; };
		5BF113E71AAF789200879C4C /* circle1.png */ = {isa = PBXFileReference; lastKnownFileType = image.png; path = circle1.png; sourceTree = "<group>"; };
		5BF113E81AAF789200879C4C /* circle2.png */ = {isa = PBXFileReference; lastKnownFileType = image.png; path = circle2.png; sourceTree = "<group>"; };
		5BF113E91AAF789200879C4C /* circle3.png */ = {isa = PBXFileReference; lastKnownFileType = image.png; path = circle3.png; sourceTree = "<group>"; };
		5BF113EA1AAF789200879C4C /* circle4.png */ = {isa = PBXFileReference; lastKnownFileType = image.png; path = circle4.png; sourceTree = "<group>"; };
		5BF113EB1AAF789200879C4C /* circle5.png */ = {isa = PBXFileReference; lastKnownFileType = image.png; path = circle5.png; sourceTree = "<group>"; };
		5BF113EC1AAF789200879C4C /* square1.png */ = {isa = PBXFileReference; lastKnownFileType = image.png; path = square1.png; sourceTree = "<group>"; };
		5BF113ED1AAF789200879C4C /* square2.png */ = {isa = PBXFileReference; lastKnownFileType = image.png; path = square2.png; sourceTree = "<group>"; };
		5BF113EE1AAF789200879C4C /* square3.png */ = {isa = PBXFileReference; lastKnownFileType = image.png; path = square3.png; sourceTree = "<group>"; };
		5BF113EF1AAF789200879C4C /* square4.png */ = {isa = PBXFileReference; lastKnownFileType = image.png; path = square4.png; sourceTree = "<group>"; };
		5BF113F01AAF789200879C4C /* square5.png */ = {isa = PBXFileReference; lastKnownFileType = image.png; path = square5.png; sourceTree = "<group>"; };
		5BF113FC1AAF9D2100879C4C /* UIImageExtension.swift */ = {isa = PBXFileReference; fileEncoding = 4; lastKnownFileType = sourcecode.swift; path = UIImageExtension.swift; sourceTree = "<group>"; };
		5BF114011AAFA9FD00879C4C /* Instance.swift */ = {isa = PBXFileReference; fileEncoding = 4; lastKnownFileType = sourcecode.swift; path = Instance.swift; sourceTree = "<group>"; };
		5BF114051AAFBE9700879C4C /* Array2D.swift */ = {isa = PBXFileReference; fileEncoding = 4; lastKnownFileType = sourcecode.swift; path = Array2D.swift; sourceTree = "<group>"; };
		5BF114071AAFEAEF00879C4C /* Dataset.swift */ = {isa = PBXFileReference; fileEncoding = 4; lastKnownFileType = sourcecode.swift; path = Dataset.swift; sourceTree = "<group>"; };
		5BF1140C1AAFF81800879C4C /* Autoencoder.swift */ = {isa = PBXFileReference; fileEncoding = 4; lastKnownFileType = sourcecode.swift; path = Autoencoder.swift; sourceTree = "<group>"; };
/* End PBXFileReference section */

/* Begin PBXFrameworksBuildPhase section */
		5BF113B91AAF787400879C4C /* Frameworks */ = {
			isa = PBXFrameworksBuildPhase;
			buildActionMask = 2147483647;
			files = (
			);
			runOnlyForDeploymentPostprocessing = 0;
		};
		5BF113D11AAF787400879C4C /* Frameworks */ = {
			isa = PBXFrameworksBuildPhase;
			buildActionMask = 2147483647;
			files = (
			);
			runOnlyForDeploymentPostprocessing = 0;
		};
/* End PBXFrameworksBuildPhase section */

/* Begin PBXGroup section */
		5BF113B31AAF787400879C4C = {
			isa = PBXGroup;
			children = (
				5BF113BE1AAF787400879C4C /* autoencoder */,
				5BF113D71AAF787400879C4C /* autoencoderTests */,
				5BF113BD1AAF787400879C4C /* Products */,
			);
			sourceTree = "<group>";
		};
		5BF113BD1AAF787400879C4C /* Products */ = {
			isa = PBXGroup;
			children = (
				5BF113BC1AAF787400879C4C /* autoencoder.app */,
				5BF113D41AAF787400879C4C /* autoencoderTests.xctest */,
			);
			name = Products;
			sourceTree = "<group>";
		};
		5BF113BE1AAF787400879C4C /* autoencoder */ = {
			isa = PBXGroup;
			children = (
				5BF113E41AAF789200879C4C /* resources */,
				5BF113E61AAF789200879C4C /* shapes */,
				5BF113C11AAF787400879C4C /* AppDelegate.swift */,
				5BF113C61AAF787400879C4C /* ViewController.swift */,
				5BF114091AAFF18200879C4C /* Preprocessing */,
				5BF113FE1AAFA9D100879C4C /* Learning */,
				5BF113FC1AAF9D2100879C4C /* UIImageExtension.swift */,
				5BF113C81AAF787400879C4C /* Main.storyboard */,
				5BF113CB1AAF787400879C4C /* Images.xcassets */,
				5BF113CD1AAF787400879C4C /* LaunchScreen.xib */,
				5BF113C31AAF787400879C4C /* autoencoder.xcdatamodeld */,
				5BF113BF1AAF787400879C4C /* Supporting Files */,
			);
			path = autoencoder;
			sourceTree = "<group>";
		};
		5BF113BF1AAF787400879C4C /* Supporting Files */ = {
			isa = PBXGroup;
			children = (
				5BF113C01AAF787400879C4C /* Info.plist */,
			);
			name = "Supporting Files";
			sourceTree = "<group>";
		};
		5BF113D71AAF787400879C4C /* autoencoderTests */ = {
			isa = PBXGroup;
			children = (
				5BF113DA1AAF787400879C4C /* autoencoderTests.swift */,
				5BF113D81AAF787400879C4C /* Supporting Files */,
			);
			path = autoencoderTests;
			sourceTree = "<group>";
		};
		5BF113D81AAF787400879C4C /* Supporting Files */ = {
			isa = PBXGroup;
			children = (
				5BF113D91AAF787400879C4C /* Info.plist */,
			);
			name = "Supporting Files";
			sourceTree = "<group>";
		};
		5BF113E41AAF789200879C4C /* resources */ = {
			isa = PBXGroup;
			children = (
				5BF113E51AAF789200879C4C /* shapes.fla */,
			);
			path = resources;
			sourceTree = "<group>";
		};
		5BF113E61AAF789200879C4C /* shapes */ = {
			isa = PBXGroup;
			children = (
				5BF113E71AAF789200879C4C /* circle1.png */,
				5BF113E81AAF789200879C4C /* circle2.png */,
				5BF113E91AAF789200879C4C /* circle3.png */,
				5BF113EA1AAF789200879C4C /* circle4.png */,
				5BF113EB1AAF789200879C4C /* circle5.png */,
				5BF113EC1AAF789200879C4C /* square1.png */,
				5BF113ED1AAF789200879C4C /* square2.png */,
				5BF113EE1AAF789200879C4C /* square3.png */,
				5BF113EF1AAF789200879C4C /* square4.png */,
				5BF113F01AAF789200879C4C /* square5.png */,
			);
			path = shapes;
			sourceTree = "<group>";
		};
		5BF113FE1AAFA9D100879C4C /* Learning */ = {
			isa = PBXGroup;
			children = (
				5BF114011AAFA9FD00879C4C /* Instance.swift */,
				5BF114071AAFEAEF00879C4C /* Dataset.swift */,
				5BF114051AAFBE9700879C4C /* Array2D.swift */,
				5BF1140C1AAFF81800879C4C /* Autoencoder.swift */,
			);
			name = Learning;
			sourceTree = "<group>";
		};
		5BF114091AAFF18200879C4C /* Preprocessing */ = {
			isa = PBXGroup;
			children = (
			);
			name = Preprocessing;
			sourceTree = "<group>";
		};
/* End PBXGroup section */

/* Begin PBXNativeTarget section */
		5BF113BB1AAF787400879C4C /* autoencoder */ = {
			isa = PBXNativeTarget;
			buildConfigurationList = 5BF113DE1AAF787400879C4C /* Build configuration list for PBXNativeTarget "autoencoder" */;
			buildPhases = (
				5BF113B81AAF787400879C4C /* Sources */,
				5BF113B91AAF787400879C4C /* Frameworks */,
				5BF113BA1AAF787400879C4C /* Resources */,
			);
			buildRules = (
			);
			dependencies = (
			);
			name = autoencoder;
			productName = autoencoder;
			productReference = 5BF113BC1AAF787400879C4C /* autoencoder.app */;
			productType = "com.apple.product-type.application";
		};
		5BF113D31AAF787400879C4C /* autoencoderTests */ = {
			isa = PBXNativeTarget;
			buildConfigurationList = 5BF113E11AAF787400879C4C /* Build configuration list for PBXNativeTarget "autoencoderTests" */;
			buildPhases = (
				5BF113D01AAF787400879C4C /* Sources */,
				5BF113D11AAF787400879C4C /* Frameworks */,
				5BF113D21AAF787400879C4C /* Resources */,
			);
			buildRules = (
			);
			dependencies = (
				5BF113D61AAF787400879C4C /* PBXTargetDependency */,
			);
			name = autoencoderTests;
			productName = autoencoderTests;
			productReference = 5BF113D41AAF787400879C4C /* autoencoderTests.xctest */;
			productType = "com.apple.product-type.bundle.unit-test";
		};
/* End PBXNativeTarget section */

/* Begin PBXProject section */
		5BF113B41AAF787400879C4C /* Project object */ = {
			isa = PBXProject;
			attributes = {
				LastUpgradeCheck = 0610;
				ORGANIZATIONNAME = "Runemark Studios";
				TargetAttributes = {
					5BF113BB1AAF787400879C4C = {
						CreatedOnToolsVersion = 6.1.1;
					};
					5BF113D31AAF787400879C4C = {
						CreatedOnToolsVersion = 6.1.1;
						TestTargetID = 5BF113BB1AAF787400879C4C;
					};
				};
			};
			buildConfigurationList = 5BF113B71AAF787400879C4C /* Build configuration list for PBXProject "autoencoder" */;
			compatibilityVersion = "Xcode 3.2";
			developmentRegion = English;
			hasScannedForEncodings = 0;
			knownRegions = (
				en,
				Base,
			);
			mainGroup = 5BF113B31AAF787400879C4C;
			productRefGroup = 5BF113BD1AAF787400879C4C /* Products */;
			projectDirPath = "";
			projectRoot = "";
			targets = (
				5BF113BB1AAF787400879C4C /* autoencoder */,
				5BF113D31AAF787400879C4C /* autoencoderTests */,
			);
		};
/* End PBXProject section */

/* Begin PBXResourcesBuildPhase section */
		5BF113BA1AAF787400879C4C /* Resources */ = {
			isa = PBXResourcesBuildPhase;
			buildActionMask = 2147483647;
			files = (
				5BF113F31AAF789200879C4C /* circle2.png in Resources */,
				5BF113F21AAF789200879C4C /* circle1.png in Resources */,
				5BF113F91AAF789200879C4C /* square3.png in Resources */,
				5BF113CA1AAF787400879C4C /* Main.storyboard in Resources */,
				5BF113F41AAF789200879C4C /* circle3.png in Resources */,
				5BF113F51AAF789200879C4C /* circle4.png in Resources */,
				5BF113FB1AAF789200879C4C /* square5.png in Resources */,
				5BF113FA1AAF789200879C4C /* square4.png in Resources */,
				5BF113CF1AAF787400879C4C /* LaunchScreen.xib in Resources */,
				5BF113F71AAF789200879C4C /* square1.png in Resources */,
				5BF113F61AAF789200879C4C /* circle5.png in Resources */,
				5BF113F81AAF789200879C4C /* square2.png in Resources */,
				5BF113CC1AAF787400879C4C /* Images.xcassets in Resources */,
				5BF113F11AAF789200879C4C /* shapes.fla in Resources */,
			);
			runOnlyForDeploymentPostprocessing = 0;
		};
		5BF113D21AAF787400879C4C /* Resources */ = {
			isa = PBXResourcesBuildPhase;
			buildActionMask = 2147483647;
			files = (
			);
			runOnlyForDeploymentPostprocessing = 0;
		};
/* End PBXResourcesBuildPhase section */

/* Begin PBXSourcesBuildPhase section */
		5BF113B81AAF787400879C4C /* Sources */ = {
			isa = PBXSourcesBuildPhase;
			buildActionMask = 2147483647;
			files = (
				5BF114021AAFA9FD00879C4C /* Instance.swift in Sources */,
				5BF114081AAFEAEF00879C4C /* Dataset.swift in Sources */,
				5BF114061AAFBE9700879C4C /* Array2D.swift in Sources */,
				5BF113C71AAF787400879C4C /* ViewController.swift in Sources */,
				5BF113C21AAF787400879C4C /* AppDelegate.swift in Sources */,
				5BF1140D1AAFF81800879C4C /* Autoencoder.swift in Sources */,
				5BF113C51AAF787400879C4C /* autoencoder.xcdatamodeld in Sources */,
				5BF113FD1AAF9D2100879C4C /* UIImageExtension.swift in Sources */,
			);
			runOnlyForDeploymentPostprocessing = 0;
		};
		5BF113D01AAF787400879C4C /* Sources */ = {
			isa = PBXSourcesBuildPhase;
			buildActionMask = 2147483647;
			files = (
				5BF113DB1AAF787400879C4C /* autoencoderTests.swift in Sources */,
			);
			runOnlyForDeploymentPostprocessing = 0;
		};
/* End PBXSourcesBuildPhase section */

/* Begin PBXTargetDependency section */
		5BF113D61AAF787400879C4C /* PBXTargetDependency */ = {
			isa = PBXTargetDependency;
			target = 5BF113BB1AAF787400879C4C /* autoencoder */;
			targetProxy = 5BF113D51AAF787400879C4C /* PBXContainerItemProxy */;
		};
/* End PBXTargetDependency section */

/* Begin PBXVariantGroup section */
		5BF113C81AAF787400879C4C /* Main.storyboard */ = {
			isa = PBXVariantGroup;
			children = (
				5BF113C91AAF787400879C4C /* Base */,
			);
			name = Main.storyboard;
			sourceTree = "<group>";
		};
		5BF113CD1AAF787400879C4C /* LaunchScreen.xib */ = {
			isa = PBXVariantGroup;
			children = (
				5BF113CE1AAF787400879C4C /* Base */,
			);
			name = LaunchScreen.xib;
			sourceTree = "<group>";
		};
/* End PBXVariantGroup section */

/* Begin XCBuildConfiguration section */
		5BF113DC1AAF787400879C4C /* Debug */ = {
			isa = XCBuildConfiguration;
			buildSettings = {
				ALWAYS_SEARCH_USER_PATHS = NO;
				CLANG_CXX_LANGUAGE_STANDARD = "gnu++0x";
				CLANG_CXX_LIBRARY = "libc++";
				CLANG_ENABLE_MODULES = YES;
				CLANG_ENABLE_OBJC_ARC = YES;
				CLANG_WARN_BOOL_CONVERSION = YES;
				CLANG_WARN_CONSTANT_CONVERSION = YES;
				CLANG_WARN_DIRECT_OBJC_ISA_USAGE = YES_ERROR;
				CLANG_WARN_EMPTY_BODY = YES;
				CLANG_WARN_ENUM_CONVERSION = YES;
				CLANG_WARN_INT_CONVERSION = YES;
				CLANG_WARN_OBJC_ROOT_CLASS = YES_ERROR;
				CLANG_WARN_UNREACHABLE_CODE = YES;
				CLANG_WARN__DUPLICATE_METHOD_MATCH = YES;
				"CODE_SIGN_IDENTITY[sdk=iphoneos*]" = "iPhone Developer";
				COPY_PHASE_STRIP = NO;
				ENABLE_STRICT_OBJC_MSGSEND = YES;
				GCC_C_LANGUAGE_STANDARD = gnu99;
				GCC_DYNAMIC_NO_PIC = NO;
				GCC_OPTIMIZATION_LEVEL = 0;
				GCC_PREPROCESSOR_DEFINITIONS = (
					"DEBUG=1",
					"$(inherited)",
				);
				GCC_SYMBOLS_PRIVATE_EXTERN = NO;
				GCC_WARN_64_TO_32_BIT_CONVERSION = YES;
				GCC_WARN_ABOUT_RETURN_TYPE = YES_ERROR;
				GCC_WARN_UNDECLARED_SELECTOR = YES;
				GCC_WARN_UNINITIALIZED_AUTOS = YES_AGGRESSIVE;
				GCC_WARN_UNUSED_FUNCTION = YES;
				GCC_WARN_UNUSED_VARIABLE = YES;
				IPHONEOS_DEPLOYMENT_TARGET = 8.1;
				MTL_ENABLE_DEBUG_INFO = YES;
				ONLY_ACTIVE_ARCH = YES;
				SDKROOT = iphoneos;
				SWIFT_OPTIMIZATION_LEVEL = "-Onone";
				TARGETED_DEVICE_FAMILY = "1,2";
			};
			name = Debug;
		};
		5BF113DD1AAF787400879C4C /* Release */ = {
			isa = XCBuildConfiguration;
			buildSettings = {
				ALWAYS_SEARCH_USER_PATHS = NO;
				CLANG_CXX_LANGUAGE_STANDARD = "gnu++0x";
				CLANG_CXX_LIBRARY = "libc++";
				CLANG_ENABLE_MODULES = YES;
				CLANG_ENABLE_OBJC_ARC = YES;
				CLANG_WARN_BOOL_CONVERSION = YES;
				CLANG_WARN_CONSTANT_CONVERSION = YES;
				CLANG_WARN_DIRECT_OBJC_ISA_USAGE = YES_ERROR;
				CLANG_WARN_EMPTY_BODY = YES;
				CLANG_WARN_ENUM_CONVERSION = YES;
				CLANG_WARN_INT_CONVERSION = YES;
				CLANG_WARN_OBJC_ROOT_CLASS = YES_ERROR;
				CLANG_WARN_UNREACHABLE_CODE = YES;
				CLANG_WARN__DUPLICATE_METHOD_MATCH = YES;
				"CODE_SIGN_IDENTITY[sdk=iphoneos*]" = "iPhone Developer";
				COPY_PHASE_STRIP = YES;
				ENABLE_NS_ASSERTIONS = NO;
				ENABLE_STRICT_OBJC_MSGSEND = YES;
				GCC_C_LANGUAGE_STANDARD = gnu99;
				GCC_WARN_64_TO_32_BIT_CONVERSION = YES;
				GCC_WARN_ABOUT_RETURN_TYPE = YES_ERROR;
				GCC_WARN_UNDECLARED_SELECTOR = YES;
				GCC_WARN_UNINITIALIZED_AUTOS = YES_AGGRESSIVE;
				GCC_WARN_UNUSED_FUNCTION = YES;
				GCC_WARN_UNUSED_VARIABLE = YES;
				IPHONEOS_DEPLOYMENT_TARGET = 8.1;
				MTL_ENABLE_DEBUG_INFO = NO;
				SDKROOT = iphoneos;
				TARGETED_DEVICE_FAMILY = "1,2";
				VALIDATE_PRODUCT = YES;
			};
			name = Release;
		};
		5BF113DF1AAF787400879C4C /* Debug */ = {
			isa = XCBuildConfiguration;
			buildSettings = {
				ASSETCATALOG_COMPILER_APPICON_NAME = AppIcon;
				INFOPLIST_FILE = autoencoder/Info.plist;
				LD_RUNPATH_SEARCH_PATHS = "$(inherited) @executable_path/Frameworks";
				PRODUCT_NAME = "$(TARGET_NAME)";
			};
			name = Debug;
		};
		5BF113E01AAF787400879C4C /* Release */ = {
			isa = XCBuildConfiguration;
			buildSettings = {
				ASSETCATALOG_COMPILER_APPICON_NAME = AppIcon;
				INFOPLIST_FILE = autoencoder/Info.plist;
				LD_RUNPATH_SEARCH_PATHS = "$(inherited) @executable_path/Frameworks";
				PRODUCT_NAME = "$(TARGET_NAME)";
			};
			name = Release;
		};
		5BF113E21AAF787400879C4C /* Debug */ = {
			isa = XCBuildConfiguration;
			buildSettings = {
				BUNDLE_LOADER = "$(TEST_HOST)";
				FRAMEWORK_SEARCH_PATHS = (
					"$(SDKROOT)/Developer/Library/Frameworks",
					"$(inherited)",
				);
				GCC_PREPROCESSOR_DEFINITIONS = (
					"DEBUG=1",
					"$(inherited)",
				);
				INFOPLIST_FILE = autoencoderTests/Info.plist;
				LD_RUNPATH_SEARCH_PATHS = "$(inherited) @executable_path/Frameworks @loader_path/Frameworks";
				PRODUCT_NAME = "$(TARGET_NAME)";
				TEST_HOST = "$(BUILT_PRODUCTS_DIR)/autoencoder.app/autoencoder";
			};
			name = Debug;
		};
		5BF113E31AAF787400879C4C /* Release */ = {
			isa = XCBuildConfiguration;
			buildSettings = {
				BUNDLE_LOADER = "$(TEST_HOST)";
				FRAMEWORK_SEARCH_PATHS = (
					"$(SDKROOT)/Developer/Library/Frameworks",
					"$(inherited)",
				);
				INFOPLIST_FILE = autoencoderTests/Info.plist;
				LD_RUNPATH_SEARCH_PATHS = "$(inherited) @executable_path/Frameworks @loader_path/Frameworks";
				PRODUCT_NAME = "$(TARGET_NAME)";
				TEST_HOST = "$(BUILT_PRODUCTS_DIR)/autoencoder.app/autoencoder";
			};
			name = Release;
		};
/* End XCBuildConfiguration section */

/* Begin XCConfigurationList section */
		5BF113B71AAF787400879C4C /* Build configuration list for PBXProject "autoencoder" */ = {
			isa = XCConfigurationList;
			buildConfigurations = (
				5BF113DC1AAF787400879C4C /* Debug */,
				5BF113DD1AAF787400879C4C /* Release */,
			);
			defaultConfigurationIsVisible = 0;
			defaultConfigurationName = Release;
		};
		5BF113DE1AAF787400879C4C /* Build configuration list for PBXNativeTarget "autoencoder" */ = {
			isa = XCConfigurationList;
			buildConfigurations = (
				5BF113DF1AAF787400879C4C /* Debug */,
				5BF113E01AAF787400879C4C /* Release */,
			);
			defaultConfigurationIsVisible = 0;
			defaultConfigurationName = Release;
		};
		5BF113E11AAF787400879C4C /* Build configuration list for PBXNativeTarget "autoencoderTests" */ = {
			isa = XCConfigurationList;
			buildConfigurations = (
				5BF113E21AAF787400879C4C /* Debug */,
				5BF113E31AAF787400879C4C /* Release */,
			);
			defaultConfigurationIsVisible = 0;
			defaultConfigurationName = Release;
		};
/* End XCConfigurationList section */

/* Begin XCVersionGroup section */
		5BF113C31AAF787400879C4C /* autoencoder.xcdatamodeld */ = {
			isa = XCVersionGroup;
			children = (
				5BF113C41AAF787400879C4C /* autoencoder.xcdatamodel */,
			);
			currentVersion = 5BF113C41AAF787400879C4C /* autoencoder.xcdatamodel */;
			path = autoencoder.xcdatamodeld;
			sourceTree = "<group>";
			versionGroupType = wrapper.xcdatamodel;
		};
/* End XCVersionGroup section */
	};
	rootObject = 5BF113B41AAF787400879C4C /* Project object */;
}
